
Microsoft Visual Studio Solution File, Format Version 12.00
# Visual Studio Version 17
VisualStudioVersion = 17.0.31903.59
MinimumVisualStudioVersion = 10.0.40219.1
Project("{2150E333-8FDC-42A3-9474-1A3956D46DE8}") = "game1", "game1", "{5D144BAF-9348-90CD-8841-1AB179C0260C}"
EndProject
Project("{FAE04EC0-301F-11D3-BF4B-00C04F79EFBC}") = "Game1", "game1\Game1.csproj", "{E565164C-96DF-4DF3-8203-68705B18587E}"
EndProject
Project("{2150E333-8FDC-42A3-9474-1A3956D46DE8}") = "tests", "tests", "{0AB3BF05-4346-4AA6-1389-037BE0695223}"
EndProject
Project("{FAE04EC0-301F-11D3-BF4B-00C04F79EFBC}") = "Game1.Tests", "tests\Game1.Tests\Game1.Tests.csproj", "{3693788D-A158-4318-8407-EAB16ADB8664}"
EndProject
Global
	GlobalSection(SolutionConfigurationPlatforms) = preSolution
		Debug|Any CPU = Debug|Any CPU
		Debug|x64 = Debug|x64
		Debug|x86 = Debug|x86
		Release|Any CPU = Release|Any CPU
		Release|x64 = Release|x64
		Release|x86 = Release|x86
	EndGlobalSection
	GlobalSection(ProjectConfigurationPlatforms) = postSolution
		{E565164C-96DF-4DF3-8203-68705B18587E}.Debug|Any CPU.ActiveCfg = Debug|Any CPU
		{E565164C-96DF-4DF3-8203-68705B18587E}.Debug|Any CPU.Build.0 = Debug|Any CPU
		{E565164C-96DF-4DF3-8203-68705B18587E}.Debug|x64.ActiveCfg = Debug|Any CPU
		{E565164C-96DF-4DF3-8203-68705B18587E}.Debug|x64.Build.0 = Debug|Any CPU
		{E565164C-96DF-4DF3-8203-68705B18587E}.Debug|x86.ActiveCfg = Debug|Any CPU
		{E565164C-96DF-4DF3-8203-68705B18587E}.Debug|x86.Build.0 = Debug|Any CPU
		{E565164C-96DF-4DF3-8203-68705B18587E}.Release|Any CPU.ActiveCfg = Release|Any CPU
		{E565164C-96DF-4DF3-8203-68705B18587E}.Release|Any CPU.Build.0 = Release|Any CPU
		{E565164C-96DF-4DF3-8203-68705B18587E}.Release|x64.ActiveCfg = Release|Any CPU
		{E565164C-96DF-4DF3-8203-68705B18587E}.Release|x64.Build.0 = Release|Any CPU
		{E565164C-96DF-4DF3-8203-68705B18587E}.Release|x86.ActiveCfg = Release|Any CPU
		{E565164C-96DF-4DF3-8203-68705B18587E}.Release|x86.Build.0 = Release|Any CPU
		{3693788D-A158-4318-8407-EAB16ADB8664}.Debug|Any CPU.ActiveCfg = Debug|Any CPU
		{3693788D-A158-4318-8407-EAB16ADB8664}.Debug|Any CPU.Build.0 = Debug|Any CPU
		{3693788D-A158-4318-8407-EAB16ADB8664}.Debug|x64.ActiveCfg = Debug|Any CPU
		{3693788D-A158-4318-8407-EAB16ADB8664}.Debug|x64.Build.0 = Debug|Any CPU
		{3693788D-A158-4318-8407-EAB16ADB8664}.Debug|x86.ActiveCfg = Debug|Any CPU
		{3693788D-A158-4318-8407-EAB16ADB8664}.Debug|x86.Build.0 = Debug|Any CPU
		{3693788D-A158-4318-8407-EAB16ADB8664}.Release|Any CPU.ActiveCfg = Release|Any CPU
		{3693788D-A158-4318-8407-EAB16ADB8664}.Release|Any CPU.Build.0 = Release|Any CPU
		{3693788D-A158-4318-8407-EAB16ADB8664}.Release|x64.ActiveCfg = Release|Any CPU
		{3693788D-A158-4318-8407-EAB16ADB8664}.Release|x64.Build.0 = Release|Any CPU
		{3693788D-A158-4318-8407-EAB16ADB8664}.Release|x86.ActiveCfg = Release|Any CPU
		{3693788D-A158-4318-8407-EAB16ADB8664}.Release|x86.Build.0 = Release|Any CPU
	EndGlobalSection
	GlobalSection(SolutionProperties) = preSolution
		HideSolutionNode = FALSE
	EndGlobalSection
	GlobalSection(NestedProjects) = preSolution
		{E565164C-96DF-4DF3-8203-68705B18587E} = {5D144BAF-9348-90CD-8841-1AB179C0260C}
		{3693788D-A158-4318-8407-EAB16ADB8664} = {0AB3BF05-4346-4AA6-1389-037BE0695223}
	EndGlobalSection
EndGlobal
